
Microsoft Visual Studio Solution File, Format Version 12.00
# Visual Studio Version 17
VisualStudioVersion = 17.5.002.0
MinimumVisualStudioVersion = 10.0.40219.1
Project("{9A19103F-16F7-4668-BE54-9A1E7A4F7556}") = "Notizap.Api", "Notizap.Api.csproj", "{C295BF6F-B16A-40BA-942E-3E95D8DBC765}"
EndProject
Global
	GlobalSection(SolutionConfigurationPlatforms) = preSolution
		Debug|Any CPU = Debug|Any CPU
		Release|Any CPU = Release|Any CPU
	EndGlobalSection
	GlobalSection(ProjectConfigurationPlatforms) = postSolution
		{C295BF6F-B16A-40BA-942E-3E95D8DBC765}.Debug|Any CPU.ActiveCfg = Debug|Any CPU
		{C295BF6F-B16A-40BA-942E-3E95D8DBC765}.Debug|Any CPU.Build.0 = Debug|Any CPU
		{C295BF6F-B16A-40BA-942E-3E95D8DBC765}.Release|Any CPU.ActiveCfg = Release|Any CPU
		{C295BF6F-B16A-40BA-942E-3E95D8DBC765}.Release|Any CPU.Build.0 = Release|Any CPU
	EndGlobalSection
	GlobalSection(SolutionProperties) = preSolution
		HideSolutionNode = FALSE
	EndGlobalSection
	GlobalSection(ExtensibilityGlobals) = postSolution
		SolutionGuid = {04261C91-FD28-48C4-98B9-E61CAA2F31EF}
	EndGlobalSection
EndGlobal
